
Microsoft Visual Studio Solution File, Format Version 12.00
# Visual Studio Version 16
VisualStudioVersion = 16.0.29102.190
MinimumVisualStudioVersion = 10.0.40219.1
Project("{FAE04EC0-301F-11D3-BF4B-00C04F79EFBC}") = "AlbAspNetCoreWebApp", "AlbAspNetCoreWebApp\AlbAspNetCoreWebApp.csproj", "{5C9B4DCE-6B57-4F0F-A58E-7EA27518171B}"
EndProject
Global
	GlobalSection(SolutionConfigurationPlatforms) = preSolution
		Debug|Any CPU = Debug|Any CPU
		Release|Any CPU = Release|Any CPU
	EndGlobalSection
	GlobalSection(ProjectConfigurationPlatforms) = postSolution
		{5C9B4DCE-6B57-4F0F-A58E-7EA27518171B}.Debug|Any CPU.ActiveCfg = Debug|Any CPU
		{5C9B4DCE-6B57-4F0F-A58E-7EA27518171B}.Debug|Any CPU.Build.0 = Debug|Any CPU
		{5C9B4DCE-6B57-4F0F-A58E-7EA27518171B}.Release|Any CPU.ActiveCfg = Release|Any CPU
		{5C9B4DCE-6B57-4F0F-A58E-7EA27518171B}.Release|Any CPU.Build.0 = Release|Any CPU
	EndGlobalSection
	GlobalSection(SolutionProperties) = preSolution
		HideSolutionNode = FALSE
	EndGlobalSection
	GlobalSection(ExtensibilityGlobals) = postSolution
		SolutionGuid = {CEEAB9AA-7982-497B-B16C-DE41B8CBBDBB}
	EndGlobalSection
EndGlobal
